
Microsoft Visual Studio Solution File, Format Version 12.00
# Visual Studio Version 16
VisualStudioVersion = 16.0.29519.181
MinimumVisualStudioVersion = 10.0.40219.1
Project("{FAE04EC0-301F-11D3-BF4B-00C04F79EFBC}") = "InterpolationMethod", "InterpolationMethod\InterpolationMethod.csproj", "{0911AF67-6FD6-45DD-A1EF-3C8A8ECC65DB}"
EndProject
Global
	GlobalSection(SolutionConfigurationPlatforms) = preSolution
		Debug|Any CPU = Debug|Any CPU
		Release|Any CPU = Release|Any CPU
	EndGlobalSection
	GlobalSection(ProjectConfigurationPlatforms) = postSolution
		{0911AF67-6FD6-45DD-A1EF-3C8A8ECC65DB}.Debug|Any CPU.ActiveCfg = Debug|Any CPU
		{0911AF67-6FD6-45DD-A1EF-3C8A8ECC65DB}.Debug|Any CPU.Build.0 = Debug|Any CPU
		{0911AF67-6FD6-45DD-A1EF-3C8A8ECC65DB}.Release|Any CPU.ActiveCfg = Release|Any CPU
		{0911AF67-6FD6-45DD-A1EF-3C8A8ECC65DB}.Release|Any CPU.Build.0 = Release|Any CPU
	EndGlobalSection
	GlobalSection(SolutionProperties) = preSolution
		HideSolutionNode = FALSE
	EndGlobalSection
	GlobalSection(ExtensibilityGlobals) = postSolution
		SolutionGuid = {1288B995-05D4-41C2-A706-5111773707C6}
	EndGlobalSection
EndGlobal
